
Microsoft Visual Studio Solution File, Format Version 12.00
# Visual Studio Version 16
VisualStudioVersion = 16.0.810.11
MinimumVisualStudioVersion = 10.0.40219.1
Project("{2150E333-8FDC-42A3-9474-1A3956D46DE8}") = "Wavelength.CbLite.Mobile", "Wavelength.CbLite.Mobile", "{99B18E37-9BA6-4F13-9872-DDF02FB2E8D3}"
EndProject
Project("{2150E333-8FDC-42A3-9474-1A3956D46DE8}") = "Wavelength.Server", "Wavelength.Server", "{BD0C06F3-48D4-4A0B-A966-1DAE105D8402}"
EndProject
Project("{2150E333-8FDC-42A3-9474-1A3956D46DE8}") = "Wavelength.Shared", "Wavelength.Shared", "{E9E3A34C-B849-4955-852A-A25696A87E62}"
EndProject
Project("{FAE04EC0-301F-11D3-BF4B-00C04F79EFBC}") = "Wavelength", "Wavelength.Mobile\Wavelength\Wavelength.csproj", "{7F2B8449-B31C-4174-9163-744FC388F0C8}"
EndProject
Project("{FAE04EC0-301F-11D3-BF4B-00C04F79EFBC}") = "Wavelength.iOS", "Wavelength.Mobile\Wavelength.iOS\Wavelength.iOS.csproj", "{9A75964A-BCCB-4D49-BE66-D0028BDA1277}"
EndProject
Project("{FAE04EC0-301F-11D3-BF4B-00C04F79EFBC}") = "Wavelength.Android", "Wavelength.Mobile\Wavelength.Android\Wavelength.Android.csproj", "{20E81E52-7D93-4443-BBA0-F915FCFE32DC}"
EndProject
Project("{FAE04EC0-301F-11D3-BF4B-00C04F79EFBC}") = "Wavelength.Core", "Wavelength.Shared\Wavelength.Core\Wavelength.Core.csproj", "{A15EC48B-A915-4394-ACEF-9DF4BEF5FB3A}"
EndProject
Project("{FAE04EC0-301F-11D3-BF4B-00C04F79EFBC}") = "Wavelength.Server.WebAPI", "Wavelength.Server\Wavelength.Server.WebAPI\Wavelength.Server.WebAPI.csproj", "{1958B359-E3E0-4CBB-AC85-A9058DB278A7}"
EndProject
Global
	GlobalSection(SolutionConfigurationPlatforms) = preSolution
		Debug|Any CPU = Debug|Any CPU
		Release|Any CPU = Release|Any CPU
		Debug|iPhoneSimulator = Debug|iPhoneSimulator
		Release|iPhoneSimulator = Release|iPhoneSimulator
		Debug|iPhone = Debug|iPhone
		Release|iPhone = Release|iPhone
	EndGlobalSection
	GlobalSection(ProjectConfigurationPlatforms) = postSolution
		{7F2B8449-B31C-4174-9163-744FC388F0C8}.Debug|Any CPU.ActiveCfg = Debug|Any CPU
		{7F2B8449-B31C-4174-9163-744FC388F0C8}.Debug|Any CPU.Build.0 = Debug|Any CPU
		{7F2B8449-B31C-4174-9163-744FC388F0C8}.Release|Any CPU.ActiveCfg = Release|Any CPU
		{7F2B8449-B31C-4174-9163-744FC388F0C8}.Release|Any CPU.Build.0 = Release|Any CPU
		{7F2B8449-B31C-4174-9163-744FC388F0C8}.Debug|iPhoneSimulator.ActiveCfg = Debug|Any CPU
		{7F2B8449-B31C-4174-9163-744FC388F0C8}.Debug|iPhoneSimulator.Build.0 = Debug|Any CPU
		{7F2B8449-B31C-4174-9163-744FC388F0C8}.Release|iPhoneSimulator.ActiveCfg = Release|Any CPU
		{7F2B8449-B31C-4174-9163-744FC388F0C8}.Release|iPhoneSimulator.Build.0 = Release|Any CPU
		{7F2B8449-B31C-4174-9163-744FC388F0C8}.Debug|iPhone.ActiveCfg = Debug|Any CPU
		{7F2B8449-B31C-4174-9163-744FC388F0C8}.Debug|iPhone.Build.0 = Debug|Any CPU
		{7F2B8449-B31C-4174-9163-744FC388F0C8}.Release|iPhone.ActiveCfg = Release|Any CPU
		{7F2B8449-B31C-4174-9163-744FC388F0C8}.Release|iPhone.Build.0 = Release|Any CPU
		{9A75964A-BCCB-4D49-BE66-D0028BDA1277}.Debug|Any CPU.ActiveCfg = Debug|iPhoneSimulator
		{9A75964A-BCCB-4D49-BE66-D0028BDA1277}.Debug|Any CPU.Build.0 = Debug|iPhoneSimulator
		{9A75964A-BCCB-4D49-BE66-D0028BDA1277}.Release|Any CPU.ActiveCfg = Release|iPhoneSimulator
		{9A75964A-BCCB-4D49-BE66-D0028BDA1277}.Release|Any CPU.Build.0 = Release|iPhoneSimulator
		{9A75964A-BCCB-4D49-BE66-D0028BDA1277}.Debug|iPhoneSimulator.ActiveCfg = Debug|iPhoneSimulator
		{9A75964A-BCCB-4D49-BE66-D0028BDA1277}.Debug|iPhoneSimulator.Build.0 = Debug|iPhoneSimulator
		{9A75964A-BCCB-4D49-BE66-D0028BDA1277}.Release|iPhoneSimulator.ActiveCfg = Release|iPhoneSimulator
		{9A75964A-BCCB-4D49-BE66-D0028BDA1277}.Release|iPhoneSimulator.Build.0 = Release|iPhoneSimulator
		{9A75964A-BCCB-4D49-BE66-D0028BDA1277}.Debug|iPhone.ActiveCfg = Debug|iPhone
		{9A75964A-BCCB-4D49-BE66-D0028BDA1277}.Debug|iPhone.Build.0 = Debug|iPhone
		{9A75964A-BCCB-4D49-BE66-D0028BDA1277}.Release|iPhone.ActiveCfg = Release|iPhone
		{9A75964A-BCCB-4D49-BE66-D0028BDA1277}.Release|iPhone.Build.0 = Release|iPhone
		{20E81E52-7D93-4443-BBA0-F915FCFE32DC}.Debug|Any CPU.ActiveCfg = Debug|Any CPU
		{20E81E52-7D93-4443-BBA0-F915FCFE32DC}.Debug|Any CPU.Build.0 = Debug|Any CPU
		{20E81E52-7D93-4443-BBA0-F915FCFE32DC}.Release|Any CPU.ActiveCfg = Release|Any CPU
		{20E81E52-7D93-4443-BBA0-F915FCFE32DC}.Release|Any CPU.Build.0 = Release|Any CPU
		{20E81E52-7D93-4443-BBA0-F915FCFE32DC}.Debug|iPhoneSimulator.ActiveCfg = Debug|Any CPU
		{20E81E52-7D93-4443-BBA0-F915FCFE32DC}.Debug|iPhoneSimulator.Build.0 = Debug|Any CPU
		{20E81E52-7D93-4443-BBA0-F915FCFE32DC}.Release|iPhoneSimulator.ActiveCfg = Release|Any CPU
		{20E81E52-7D93-4443-BBA0-F915FCFE32DC}.Release|iPhoneSimulator.Build.0 = Release|Any CPU
		{20E81E52-7D93-4443-BBA0-F915FCFE32DC}.Debug|iPhone.ActiveCfg = Debug|Any CPU
		{20E81E52-7D93-4443-BBA0-F915FCFE32DC}.Debug|iPhone.Build.0 = Debug|Any CPU
		{20E81E52-7D93-4443-BBA0-F915FCFE32DC}.Release|iPhone.ActiveCfg = Release|Any CPU
		{20E81E52-7D93-4443-BBA0-F915FCFE32DC}.Release|iPhone.Build.0 = Release|Any CPU
		{A15EC48B-A915-4394-ACEF-9DF4BEF5FB3A}.Debug|Any CPU.ActiveCfg = Debug|Any CPU
		{A15EC48B-A915-4394-ACEF-9DF4BEF5FB3A}.Debug|Any CPU.Build.0 = Debug|Any CPU
		{A15EC48B-A915-4394-ACEF-9DF4BEF5FB3A}.Release|Any CPU.ActiveCfg = Release|Any CPU
		{A15EC48B-A915-4394-ACEF-9DF4BEF5FB3A}.Release|Any CPU.Build.0 = Release|Any CPU
		{A15EC48B-A915-4394-ACEF-9DF4BEF5FB3A}.Debug|iPhoneSimulator.ActiveCfg = Debug|Any CPU
		{A15EC48B-A915-4394-ACEF-9DF4BEF5FB3A}.Debug|iPhoneSimulator.Build.0 = Debug|Any CPU
		{A15EC48B-A915-4394-ACEF-9DF4BEF5FB3A}.Release|iPhoneSimulator.ActiveCfg = Release|Any CPU
		{A15EC48B-A915-4394-ACEF-9DF4BEF5FB3A}.Release|iPhoneSimulator.Build.0 = Release|Any CPU
		{A15EC48B-A915-4394-ACEF-9DF4BEF5FB3A}.Debug|iPhone.ActiveCfg = Debug|Any CPU
		{A15EC48B-A915-4394-ACEF-9DF4BEF5FB3A}.Debug|iPhone.Build.0 = Debug|Any CPU
		{A15EC48B-A915-4394-ACEF-9DF4BEF5FB3A}.Release|iPhone.ActiveCfg = Release|Any CPU
		{A15EC48B-A915-4394-ACEF-9DF4BEF5FB3A}.Release|iPhone.Build.0 = Release|Any CPU
		{1958B359-E3E0-4CBB-AC85-A9058DB278A7}.Debug|Any CPU.ActiveCfg = Debug|Any CPU
		{1958B359-E3E0-4CBB-AC85-A9058DB278A7}.Debug|Any CPU.Build.0 = Debug|Any CPU
		{1958B359-E3E0-4CBB-AC85-A9058DB278A7}.Release|Any CPU.ActiveCfg = Release|Any CPU
		{1958B359-E3E0-4CBB-AC85-A9058DB278A7}.Release|Any CPU.Build.0 = Release|Any CPU
		{1958B359-E3E0-4CBB-AC85-A9058DB278A7}.Debug|iPhoneSimulator.ActiveCfg = Debug|Any CPU
		{1958B359-E3E0-4CBB-AC85-A9058DB278A7}.Debug|iPhoneSimulator.Build.0 = Debug|Any CPU
		{1958B359-E3E0-4CBB-AC85-A9058DB278A7}.Release|iPhoneSimulator.ActiveCfg = Release|Any CPU
		{1958B359-E3E0-4CBB-AC85-A9058DB278A7}.Release|iPhoneSimulator.Build.0 = Release|Any CPU
		{1958B359-E3E0-4CBB-AC85-A9058DB278A7}.Debug|iPhone.ActiveCfg = Debug|Any CPU
		{1958B359-E3E0-4CBB-AC85-A9058DB278A7}.Debug|iPhone.Build.0 = Debug|Any CPU
		{1958B359-E3E0-4CBB-AC85-A9058DB278A7}.Release|iPhone.ActiveCfg = Release|Any CPU
		{1958B359-E3E0-4CBB-AC85-A9058DB278A7}.Release|iPhone.Build.0 = Release|Any CPU
	EndGlobalSection
	GlobalSection(SolutionProperties) = preSolution
		HideSolutionNode = FALSE
	EndGlobalSection
	GlobalSection(ExtensibilityGlobals) = postSolution
		SolutionGuid = {F6DFF331-2C1E-4A79-8114-54F99B72A982}
	EndGlobalSection
	GlobalSection(NestedProjects) = preSolution
		{7F2B8449-B31C-4174-9163-744FC388F0C8} = {99B18E37-9BA6-4F13-9872-DDF02FB2E8D3}
		{9A75964A-BCCB-4D49-BE66-D0028BDA1277} = {99B18E37-9BA6-4F13-9872-DDF02FB2E8D3}
		{20E81E52-7D93-4443-BBA0-F915FCFE32DC} = {99B18E37-9BA6-4F13-9872-DDF02FB2E8D3}
		{A15EC48B-A915-4394-ACEF-9DF4BEF5FB3A} = {E9E3A34C-B849-4955-852A-A25696A87E62}
		{1958B359-E3E0-4CBB-AC85-A9058DB278A7} = {BD0C06F3-48D4-4A0B-A966-1DAE105D8402}
	EndGlobalSection
EndGlobal
